{
    "name": "@bradthomasbrown/ejra",
    "version": "1.0.3",
    "lockfileVersion": 3,
    "requires": true,
    "packages": {
        "": {
            "name": "@bradthomasbrown/ejra",
            "version": "1.0.3",
            "dependencies": {
                "@bradthomasbrown/jra": "^1.0.1"
            }
        },
        "node_modules/@bradthomasbrown/jra": {
            "version": "1.0.1",
            "resolved": "https://registry.npmjs.org/@bradthomasbrown/jra/-/jra-1.0.1.tgz",
            "integrity": "sha512-a3nJXenM88apGiLb1yaUePtWJt2PqUcajmnRDJSkd0Z0XxrtyOOXHBW85bpkPlPgJcGPvlenZbelOdOpWTd9lQ=="
        }
    }
}
